
Microsoft Visual Studio Solution File, Format Version 12.00
# Visual Studio Version 17
VisualStudioVersion = 17.2.32516.85
MinimumVisualStudioVersion = 10.0.40219.1
Project("{FAE04EC0-301F-11D3-BF4B-00C04F79EFBC}") = "WebApplication1", "WebApplication1\WebApplication1.csproj", "{0021E8F6-BB32-43A8-9018-C14F8FF2FD56}"
EndProject
Global
	GlobalSection(SolutionConfigurationPlatforms) = preSolution
		Debug|Any CPU = Debug|Any CPU
		Release|Any CPU = Release|Any CPU
	EndGlobalSection
	GlobalSection(ProjectConfigurationPlatforms) = postSolution
		{0021E8F6-BB32-43A8-9018-C14F8FF2FD56}.Debug|Any CPU.ActiveCfg = Debug|Any CPU
		{0021E8F6-BB32-43A8-9018-C14F8FF2FD56}.Debug|Any CPU.Build.0 = Debug|Any CPU
		{0021E8F6-BB32-43A8-9018-C14F8FF2FD56}.Release|Any CPU.ActiveCfg = Release|Any CPU
		{0021E8F6-BB32-43A8-9018-C14F8FF2FD56}.Release|Any CPU.Build.0 = Release|Any CPU
	EndGlobalSection
	GlobalSection(SolutionProperties) = preSolution
		HideSolutionNode = FALSE
	EndGlobalSection
	GlobalSection(ExtensibilityGlobals) = postSolution
		SolutionGuid = {60415985-AF55-497E-8554-20914EF1A8DF}
	EndGlobalSection
EndGlobal
